
Microsoft Visual Studio Solution File, Format Version 12.00
# Visual Studio Version 17
VisualStudioVersion = 17.10.35122.118
MinimumVisualStudioVersion = 10.0.40219.1
Project("{9A19103F-16F7-4668-BE54-9A1E7A4F7556}") = "Taskmaster", "Taskmaster.csproj", "{73E766DA-A740-4AF3-ADE8-EAC1522A1853}"
EndProject
Global
	GlobalSection(SolutionConfigurationPlatforms) = preSolution
		Debug|Any CPU = Debug|Any CPU
		Release|Any CPU = Release|Any CPU
	EndGlobalSection
	GlobalSection(ProjectConfigurationPlatforms) = postSolution
		{73E766DA-A740-4AF3-ADE8-EAC1522A1853}.Debug|Any CPU.ActiveCfg = Debug|Any CPU
		{73E766DA-A740-4AF3-ADE8-EAC1522A1853}.Debug|Any CPU.Build.0 = Debug|Any CPU
		{73E766DA-A740-4AF3-ADE8-EAC1522A1853}.Debug|Any CPU.Deploy.0 = Debug|Any CPU
		{73E766DA-A740-4AF3-ADE8-EAC1522A1853}.Release|Any CPU.ActiveCfg = Release|Any CPU
		{73E766DA-A740-4AF3-ADE8-EAC1522A1853}.Release|Any CPU.Build.0 = Release|Any CPU
		{73E766DA-A740-4AF3-ADE8-EAC1522A1853}.Release|Any CPU.Deploy.0 = Release|Any CPU
	EndGlobalSection
	GlobalSection(SolutionProperties) = preSolution
		HideSolutionNode = FALSE
	EndGlobalSection
	GlobalSection(ExtensibilityGlobals) = postSolution
		SolutionGuid = {37D13539-B7DC-4DE6-96E6-10DA1F7D85B9}
	EndGlobalSection
EndGlobal
